# THIS IS AN AUTOGENERATED FILE. DO NOT EDIT THIS FILE DIRECTLY.
# yarn lockfile v1


"@tableau/tableau-ui@^2.2.1":
  version "2.2.1"
  resolved "https://registry.yarnpkg.com/@tableau/tableau-ui/-/tableau-ui-2.2.1.tgz#fc4a62aef3d0230a3819c018d1f3e8a83e11aaf0"
  integrity sha512-bCrxfp1Rdz8c1k6/RTKxELSFW+u2y6nO0K2xFdYzyMgcJfmPLsCUpRnuLHKpTCazD6k/EF0lZYi96My7TNa+Ng==
  dependencies:
    typestyle "^2.0.1"

csstype@^2.4.0:
  version "2.6.9"
  resolved "https://registry.yarnpkg.com/csstype/-/csstype-2.6.9.tgz#05141d0cd557a56b8891394c1911c40c8a98d098"
  integrity sha512-xz39Sb4+OaTsULgUERcCk+TJj8ylkL4aSVDQiX/ksxbELSqwkgt4d4RD7fovIdgJGSuNYqwZEiVjYY5l0ask+Q==

free-style@2.6.1:
  version "2.6.1"
  resolved "https://registry.yarnpkg.com/free-style/-/free-style-2.6.1.tgz#6af512568291195854842cbbaacd95578a6a9a8b"
  integrity sha512-uaVA8e57tvhrFKAl6x32SGIrGFBoeTAFtfHDzWxjPhiXQiUxOI6EEdEReRkjNO2H9XcdMJXXEnMHw8Q7iMYLbw==

typestyle@^2.0.1:
  version "2.0.4"
  resolved "https://registry.yarnpkg.com/typestyle/-/typestyle-2.0.4.tgz#b8da5feaf8a4f9d1f69066f3cc4659098bd08457"
  integrity sha512-+57eGqcEjiAc51hB/zXnZFoVuzwuxb9WbPpb1VT2zPJPIo88wGXod7dHa0IJ1Ue+sncHj2WZMZEPJRAqwVraoA==
  dependencies:
    csstype "^2.4.0"
    free-style "2.6.1"
